// !$*UTF8*$!
{
	archiveVersion = 1;
	classes = {
	};
	objectVersion = 56;
	objects = {

/* Begin PBXBuildFile section */
		019BF0C42A488EF5009288EC /* ModelProducts.swift in Sources */ = {isa = PBXBuildFile; fileRef = 019BF0C32A488EF5009288EC /* ModelProducts.swift */; };
		019BF0C82A489EE0009288EC /* UserUtils.swift in Sources */ = {isa = PBXBuildFile; fileRef = 019BF0C72A489EE0009288EC /* UserUtils.swift */; };
		01B22E712A39D9AB0071AB9B /* AppDelegate.swift in Sources */ = {isa = PBXBuildFile; fileRef = 01B22E702A39D9AB0071AB9B /* AppDelegate.swift */; };
		01B22E732A39D9AB0071AB9B /* SceneDelegate.swift in Sources */ = {isa = PBXBuildFile; fileRef = 01B22E722A39D9AB0071AB9B /* SceneDelegate.swift */; };
		01B22E752A39D9AB0071AB9B /* ViewController.swift in Sources */ = {isa = PBXBuildFile; fileRef = 01B22E742A39D9AB0071AB9B /* ViewController.swift */; };
		01B22E782A39D9AB0071AB9B /* Main.storyboard in Resources */ = {isa = PBXBuildFile; fileRef = 01B22E762A39D9AB0071AB9B /* Main.storyboard */; };
		01B22E7A2A39D9AD0071AB9B /* Assets.xcassets in Resources */ = {isa = PBXBuildFile; fileRef = 01B22E792A39D9AD0071AB9B /* Assets.xcassets */; };
		01B22E7D2A39D9AD0071AB9B /* LaunchScreen.storyboard in Resources */ = {isa = PBXBuildFile; fileRef = 01B22E7B2A39D9AD0071AB9B /* LaunchScreen.storyboard */; };
		01B22E882A39D9AE0071AB9B /* my_first_IOS_app_BALINKTests.swift in Sources */ = {isa = PBXBuildFile; fileRef = 01B22E872A39D9AE0071AB9B /* my_first_IOS_app_BALINKTests.swift */; };
		01B22E922A39D9AE0071AB9B /* my_first_IOS_app_BALINKUITests.swift in Sources */ = {isa = PBXBuildFile; fileRef = 01B22E912A39D9AE0071AB9B /* my_first_IOS_app_BALINKUITests.swift */; };
		01B22E942A39D9AE0071AB9B /* my_first_IOS_app_BALINKUITestsLaunchTests.swift in Sources */ = {isa = PBXBuildFile; fileRef = 01B22E932A39D9AE0071AB9B /* my_first_IOS_app_BALINKUITestsLaunchTests.swift */; };
		01BED3A42A3AFA4200E0AF88 /* WellcomeScreenViewController.swift in Sources */ = {isa = PBXBuildFile; fileRef = 01BED3A32A3AFA4200E0AF88 /* WellcomeScreenViewController.swift */; };
		01BED3A62A3AFAD400E0AF88 /* ProductsViewController.swift in Sources */ = {isa = PBXBuildFile; fileRef = 01BED3A52A3AFAD400E0AF88 /* ProductsViewController.swift */; };
		01E1E7712A49CD90006CD62C /* ProductUtils.swift in Sources */ = {isa = PBXBuildFile; fileRef = 01E1E7702A49CD90006CD62C /* ProductUtils.swift */; };
		01E1E7732A49CE6F006CD62C /* ModelUser.swift in Sources */ = {isa = PBXBuildFile; fileRef = 01E1E7722A49CE6F006CD62C /* ModelUser.swift */; };
/* End PBXBuildFile section */

/* Begin PBXContainerItemProxy section */
		01B22E842A39D9AE0071AB9B /* PBXContainerItemProxy */ = {
			isa = PBXContainerItemProxy;
			containerPortal = 01B22E652A39D9AB0071AB9B /* Project object */;
			proxyType = 1;
			remoteGlobalIDString = 01B22E6C2A39D9AB0071AB9B;
			remoteInfo = "my first IOS app BALINK";
		};
		01B22E8E2A39D9AE0071AB9B /* PBXContainerItemProxy */ = {
			isa = PBXContainerItemProxy;
			containerPortal = 01B22E652A39D9AB0071AB9B /* Project object */;
			proxyType = 1;
			remoteGlobalIDString = 01B22E6C2A39D9AB0071AB9B;
			remoteInfo = "my first IOS app BALINK";
		};
/* End PBXContainerItemProxy section */

/* Begin PBXFileReference section */
		019BF0C32A488EF5009288EC /* ModelProducts.swift */ = {isa = PBXFileReference; lastKnownFileType = sourcecode.swift; path = ModelProducts.swift; sourceTree = "<group>"; };
		019BF0C72A489EE0009288EC /* UserUtils.swift */ = {isa = PBXFileReference; lastKnownFileType = sourcecode.swift; path = UserUtils.swift; sourceTree = "<group>"; };
		01B22E6D2A39D9AB0071AB9B /* my first IOS app BALINK.app */ = {isa = PBXFileReference; explicitFileType = wrapper.application; includeInIndex = 0; path = "my first IOS app BALINK.app"; sourceTree = BUILT_PRODUCTS_DIR; };
		01B22E702A39D9AB0071AB9B /* AppDelegate.swift */ = {isa = PBXFileReference; lastKnownFileType = sourcecode.swift; path = AppDelegate.swift; sourceTree = "<group>"; };
		01B22E722A39D9AB0071AB9B /* SceneDelegate.swift */ = {isa = PBXFileReference; lastKnownFileType = sourcecode.swift; path = SceneDelegate.swift; sourceTree = "<group>"; };
		01B22E742A39D9AB0071AB9B /* ViewController.swift */ = {isa = PBXFileReference; lastKnownFileType = sourcecode.swift; path = ViewController.swift; sourceTree = "<group>"; };
		01B22E772A39D9AB0071AB9B /* Base */ = {isa = PBXFileReference; lastKnownFileType = file.storyboard; name = Base; path = Base.lproj/Main.storyboard; sourceTree = "<group>"; };
		01B22E792A39D9AD0071AB9B /* Assets.xcassets */ = {isa = PBXFileReference; lastKnownFileType = folder.assetcatalog; path = Assets.xcassets; sourceTree = "<group>"; };
		01B22E7C2A39D9AD0071AB9B /* Base */ = {isa = PBXFileReference; lastKnownFileType = file.storyboard; name = Base; path = Base.lproj/LaunchScreen.storyboard; sourceTree = "<group>"; };
		01B22E7E2A39D9AD0071AB9B /* Info.plist */ = {isa = PBXFileReference; lastKnownFileType = text.plist.xml; path = Info.plist; sourceTree = "<group>"; };
		01B22E832A39D9AE0071AB9B /* my first IOS app BALINKTests.xctest */ = {isa = PBXFileReference; explicitFileType = wrapper.cfbundle; includeInIndex = 0; path = "my first IOS app BALINKTests.xctest"; sourceTree = BUILT_PRODUCTS_DIR; };
		01B22E872A39D9AE0071AB9B /* my_first_IOS_app_BALINKTests.swift */ = {isa = PBXFileReference; lastKnownFileType = sourcecode.swift; path = my_first_IOS_app_BALINKTests.swift; sourceTree = "<group>"; };
		01B22E8D2A39D9AE0071AB9B /* my first IOS app BALINKUITests.xctest */ = {isa = PBXFileReference; explicitFileType = wrapper.cfbundle; includeInIndex = 0; path = "my first IOS app BALINKUITests.xctest"; sourceTree = BUILT_PRODUCTS_DIR; };
		01B22E912A39D9AE0071AB9B /* my_first_IOS_app_BALINKUITests.swift */ = {isa = PBXFileReference; lastKnownFileType = sourcecode.swift; path = my_first_IOS_app_BALINKUITests.swift; sourceTree = "<group>"; };
		01B22E932A39D9AE0071AB9B /* my_first_IOS_app_BALINKUITestsLaunchTests.swift */ = {isa = PBXFileReference; lastKnownFileType = sourcecode.swift; path = my_first_IOS_app_BALINKUITestsLaunchTests.swift; sourceTree = "<group>"; };
		01BED3A32A3AFA4200E0AF88 /* WellcomeScreenViewController.swift */ = {isa = PBXFileReference; lastKnownFileType = sourcecode.swift; path = WellcomeScreenViewController.swift; sourceTree = "<group>"; };
		01BED3A52A3AFAD400E0AF88 /* ProductsViewController.swift */ = {isa = PBXFileReference; lastKnownFileType = sourcecode.swift; path = ProductsViewController.swift; sourceTree = "<group>"; };
		01E1E7702A49CD90006CD62C /* ProductUtils.swift */ = {isa = PBXFileReference; lastKnownFileType = sourcecode.swift; path = ProductUtils.swift; sourceTree = "<group>"; };
		01E1E7722A49CE6F006CD62C /* ModelUser.swift */ = {isa = PBXFileReference; lastKnownFileType = sourcecode.swift; path = ModelUser.swift; sourceTree = "<group>"; };
/* End PBXFileReference section */

/* Begin PBXFrameworksBuildPhase section */
		01B22E6A2A39D9AB0071AB9B /* Frameworks */ = {
			isa = PBXFrameworksBuildPhase;
			buildActionMask = 2147483647;
			files = (
			);
			runOnlyForDeploymentPostprocessing = 0;
		};
		01B22E802A39D9AE0071AB9B /* Frameworks */ = {
			isa = PBXFrameworksBuildPhase;
			buildActionMask = 2147483647;
			files = (
			);
			runOnlyForDeploymentPostprocessing = 0;
		};
		01B22E8A2A39D9AE0071AB9B /* Frameworks */ = {
			isa = PBXFrameworksBuildPhase;
			buildActionMask = 2147483647;
			files = (
			);
			runOnlyForDeploymentPostprocessing = 0;
		};
/* End PBXFrameworksBuildPhase section */

/* Begin PBXGroup section */
		01B22E642A39D9AB0071AB9B = {
			isa = PBXGroup;
			children = (
				01B22E6F2A39D9AB0071AB9B /* my first IOS app BALINK */,
				01B22E7E2A39D9AD0071AB9B /* Info.plist */,
				01B22E862A39D9AE0071AB9B /* my first IOS app BALINKTests */,
				01B22E902A39D9AE0071AB9B /* my first IOS app BALINKUITests */,
				01B22E6E2A39D9AB0071AB9B /* Products */,
			);
			sourceTree = "<group>";
		};
		01B22E6E2A39D9AB0071AB9B /* Products */ = {
			isa = PBXGroup;
			children = (
				01B22E6D2A39D9AB0071AB9B /* my first IOS app BALINK.app */,
				01B22E832A39D9AE0071AB9B /* my first IOS app BALINKTests.xctest */,
				01B22E8D2A39D9AE0071AB9B /* my first IOS app BALINKUITests.xctest */,
			);
			name = Products;
			sourceTree = "<group>";
		};
		01B22E6F2A39D9AB0071AB9B /* my first IOS app BALINK */ = {
			isa = PBXGroup;
			children = (
				01E1E76F2A49AFC0006CD62C /* Delegate */,
				01E1E76E2A497BD9006CD62C /* Utils */,
				01E1E76C2A497B98006CD62C /* Screens */,
				01E1E76B2A497B83006CD62C /* Models */,
			);
			path = "my first IOS app BALINK";
			sourceTree = "<group>";
		};
		01B22E862A39D9AE0071AB9B /* my first IOS app BALINKTests */ = {
			isa = PBXGroup;
			children = (
				01B22E872A39D9AE0071AB9B /* my_first_IOS_app_BALINKTests.swift */,
			);
			path = "my first IOS app BALINKTests";
			sourceTree = "<group>";
		};
		01B22E902A39D9AE0071AB9B /* my first IOS app BALINKUITests */ = {
			isa = PBXGroup;
			children = (
				01B22E912A39D9AE0071AB9B /* my_first_IOS_app_BALINKUITests.swift */,
				01B22E932A39D9AE0071AB9B /* my_first_IOS_app_BALINKUITestsLaunchTests.swift */,
			);
			path = "my first IOS app BALINKUITests";
			sourceTree = "<group>";
		};
		01E1E76B2A497B83006CD62C /* Models */ = {
			isa = PBXGroup;
			children = (
				019BF0C32A488EF5009288EC /* ModelProducts.swift */,
				01E1E7722A49CE6F006CD62C /* ModelUser.swift */,
			);
			path = Models;
			sourceTree = "<group>";
		};
		01E1E76C2A497B98006CD62C /* Screens */ = {
			isa = PBXGroup;
			children = (
				01B22E762A39D9AB0071AB9B /* Main.storyboard */,
				01B22E792A39D9AD0071AB9B /* Assets.xcassets */,
				01B22E7B2A39D9AD0071AB9B /* LaunchScreen.storyboard */,
				01BED3A52A3AFAD400E0AF88 /* ProductsViewController.swift */,
				01BED3A32A3AFA4200E0AF88 /* WellcomeScreenViewController.swift */,
				01B22E742A39D9AB0071AB9B /* ViewController.swift */,
			);
			path = Screens;
			sourceTree = "<group>";
		};
		01E1E76E2A497BD9006CD62C /* Utils */ = {
			isa = PBXGroup;
			children = (
				019BF0C72A489EE0009288EC /* UserUtils.swift */,
				01E1E7702A49CD90006CD62C /* ProductUtils.swift */,
			);
			path = Utils;
			sourceTree = "<group>";
		};
		01E1E76F2A49AFC0006CD62C /* Delegate */ = {
			isa = PBXGroup;
			children = (
				01B22E722A39D9AB0071AB9B /* SceneDelegate.swift */,
				01B22E702A39D9AB0071AB9B /* AppDelegate.swift */,
			);
			path = Delegate;
			sourceTree = "<group>";
		};
/* End PBXGroup section */

/* Begin PBXNativeTarget section */
		01B22E6C2A39D9AB0071AB9B /* my first IOS app BALINK */ = {
			isa = PBXNativeTarget;
			buildConfigurationList = 01B22E972A39D9AE0071AB9B /* Build configuration list for PBXNativeTarget "my first IOS app BALINK" */;
			buildPhases = (
				01B22E692A39D9AB0071AB9B /* Sources */,
				01B22E6A2A39D9AB0071AB9B /* Frameworks */,
				01B22E6B2A39D9AB0071AB9B /* Resources */,
			);
			buildRules = (
			);
			dependencies = (
			);
			name = "my first IOS app BALINK";
			productName = "my first IOS app BALINK";
			productReference = 01B22E6D2A39D9AB0071AB9B /* my first IOS app BALINK.app */;
			productType = "com.apple.product-type.application";
		};
		01B22E822A39D9AE0071AB9B /* my first IOS app BALINKTests */ = {
			isa = PBXNativeTarget;
			buildConfigurationList = 01B22E9A2A39D9AE0071AB9B /* Build configuration list for PBXNativeTarget "my first IOS app BALINKTests" */;
			buildPhases = (
				01B22E7F2A39D9AE0071AB9B /* Sources */,
				01B22E802A39D9AE0071AB9B /* Frameworks */,
				01B22E812A39D9AE0071AB9B /* Resources */,
			);
			buildRules = (
			);
			dependencies = (
				01B22E852A39D9AE0071AB9B /* PBXTargetDependency */,
			);
			name = "my first IOS app BALINKTests";
			productName = "my first IOS app BALINKTests";
			productReference = 01B22E832A39D9AE0071AB9B /* my first IOS app BALINKTests.xctest */;
			productType = "com.apple.product-type.bundle.unit-test";
		};
		01B22E8C2A39D9AE0071AB9B /* my first IOS app BALINKUITests */ = {
			isa = PBXNativeTarget;
			buildConfigurationList = 01B22E9D2A39D9AE0071AB9B /* Build configuration list for PBXNativeTarget "my first IOS app BALINKUITests" */;
			buildPhases = (
				01B22E892A39D9AE0071AB9B /* Sources */,
				01B22E8A2A39D9AE0071AB9B /* Frameworks */,
				01B22E8B2A39D9AE0071AB9B /* Resources */,
			);
			buildRules = (
			);
			dependencies = (
				01B22E8F2A39D9AE0071AB9B /* PBXTargetDependency */,
			);
			name = "my first IOS app BALINKUITests";
			productName = "my first IOS app BALINKUITests";
			productReference = 01B22E8D2A39D9AE0071AB9B /* my first IOS app BALINKUITests.xctest */;
			productType = "com.apple.product-type.bundle.ui-testing";
		};
/* End PBXNativeTarget section */

/* Begin PBXProject section */
		01B22E652A39D9AB0071AB9B /* Project object */ = {
			isa = PBXProject;
			attributes = {
				BuildIndependentTargetsInParallel = 1;
				LastSwiftUpdateCheck = 1430;
				LastUpgradeCheck = 1430;
				TargetAttributes = {
					01B22E6C2A39D9AB0071AB9B = {
						CreatedOnToolsVersion = 14.3.1;
					};
					01B22E822A39D9AE0071AB9B = {
						CreatedOnToolsVersion = 14.3.1;
						TestTargetID = 01B22E6C2A39D9AB0071AB9B;
					};
					01B22E8C2A39D9AE0071AB9B = {
						CreatedOnToolsVersion = 14.3.1;
						TestTargetID = 01B22E6C2A39D9AB0071AB9B;
					};
				};
			};
			buildConfigurationList = 01B22E682A39D9AB0071AB9B /* Build configuration list for PBXProject "my first IOS app BALINK" */;
			compatibilityVersion = "Xcode 14.0";
			developmentRegion = en;
			hasScannedForEncodings = 0;
			knownRegions = (
				en,
				Base,
			);
			mainGroup = 01B22E642A39D9AB0071AB9B;
			productRefGroup = 01B22E6E2A39D9AB0071AB9B /* Products */;
			projectDirPath = "";
			projectRoot = "";
			targets = (
				01B22E6C2A39D9AB0071AB9B /* my first IOS app BALINK */,
				01B22E822A39D9AE0071AB9B /* my first IOS app BALINKTests */,
				01B22E8C2A39D9AE0071AB9B /* my first IOS app BALINKUITests */,
			);
		};
/* End PBXProject section */

/* Begin PBXResourcesBuildPhase section */
		01B22E6B2A39D9AB0071AB9B /* Resources */ = {
			isa = PBXResourcesBuildPhase;
			buildActionMask = 2147483647;
			files = (
				01B22E7D2A39D9AD0071AB9B /* LaunchScreen.storyboard in Resources */,
				01B22E7A2A39D9AD0071AB9B /* Assets.xcassets in Resources */,
				01B22E782A39D9AB0071AB9B /* Main.storyboard in Resources */,
			);
			runOnlyForDeploymentPostprocessing = 0;
		};
		01B22E812A39D9AE0071AB9B /* Resources */ = {
			isa = PBXResourcesBuildPhase;
			buildActionMask = 2147483647;
			files = (
			);
			runOnlyForDeploymentPostprocessing = 0;
		};
		01B22E8B2A39D9AE0071AB9B /* Resources */ = {
			isa = PBXResourcesBuildPhase;
			buildActionMask = 2147483647;
			files = (
			);
			runOnlyForDeploymentPostprocessing = 0;
		};
/* End PBXResourcesBuildPhase section */

/* Begin PBXSourcesBuildPhase section */
		01B22E692A39D9AB0071AB9B /* Sources */ = {
			isa = PBXSourcesBuildPhase;
			buildActionMask = 2147483647;
			files = (
				019BF0C42A488EF5009288EC /* ModelProducts.swift in Sources */,
				019BF0C82A489EE0009288EC /* UserUtils.swift in Sources */,
				01BED3A42A3AFA4200E0AF88 /* WellcomeScreenViewController.swift in Sources */,
				01E1E7732A49CE6F006CD62C /* ModelUser.swift in Sources */,
				01B22E752A39D9AB0071AB9B /* ViewController.swift in Sources */,
				01B22E712A39D9AB0071AB9B /* AppDelegate.swift in Sources */,
				01B22E732A39D9AB0071AB9B /* SceneDelegate.swift in Sources */,
				01BED3A62A3AFAD400E0AF88 /* ProductsViewController.swift in Sources */,
				01E1E7712A49CD90006CD62C /* ProductUtils.swift in Sources */,
			);
			runOnlyForDeploymentPostprocessing = 0;
		};
		01B22E7F2A39D9AE0071AB9B /* Sources */ = {
			isa = PBXSourcesBuildPhase;
			buildActionMask = 2147483647;
			files = (
				01B22E882A39D9AE0071AB9B /* my_first_IOS_app_BALINKTests.swift in Sources */,
			);
			runOnlyForDeploymentPostprocessing = 0;
		};
		01B22E892A39D9AE0071AB9B /* Sources */ = {
			isa = PBXSourcesBuildPhase;
			buildActionMask = 2147483647;
			files = (
				01B22E942A39D9AE0071AB9B /* my_first_IOS_app_BALINKUITestsLaunchTests.swift in Sources */,
				01B22E922A39D9AE0071AB9B /* my_first_IOS_app_BALINKUITests.swift in Sources */,
			);
			runOnlyForDeploymentPostprocessing = 0;
		};
/* End PBXSourcesBuildPhase section */

/* Begin PBXTargetDependency section */
		01B22E852A39D9AE0071AB9B /* PBXTargetDependency */ = {
			isa = PBXTargetDependency;
			target = 01B22E6C2A39D9AB0071AB9B /* my first IOS app BALINK */;
			targetProxy = 01B22E842A39D9AE0071AB9B /* PBXContainerItemProxy */;
		};
		01B22E8F2A39D9AE0071AB9B /* PBXTargetDependency */ = {
			isa = PBXTargetDependency;
			target = 01B22E6C2A39D9AB0071AB9B /* my first IOS app BALINK */;
			targetProxy = 01B22E8E2A39D9AE0071AB9B /* PBXContainerItemProxy */;
		};
/* End PBXTargetDependency section */

/* Begin PBXVariantGroup section */
		01B22E762A39D9AB0071AB9B /* Main.storyboard */ = {
			isa = PBXVariantGroup;
			children = (
				01B22E772A39D9AB0071AB9B /* Base */,
			);
			name = Main.storyboard;
			sourceTree = "<group>";
		};
		01B22E7B2A39D9AD0071AB9B /* LaunchScreen.storyboard */ = {
			isa = PBXVariantGroup;
			children = (
				01B22E7C2A39D9AD0071AB9B /* Base */,
			);
			name = LaunchScreen.storyboard;
			sourceTree = "<group>";
		};
/* End PBXVariantGroup section */

/* Begin XCBuildConfiguration section */
		01B22E952A39D9AE0071AB9B /* Debug */ = {
			isa = XCBuildConfiguration;
			buildSettings = {
				ALWAYS_SEARCH_USER_PATHS = NO;
				CLANG_ANALYZER_NONNULL = YES;
				CLANG_ANALYZER_NUMBER_OBJECT_CONVERSION = YES_AGGRESSIVE;
				CLANG_CXX_LANGUAGE_STANDARD = "gnu++20";
				CLANG_ENABLE_MODULES = YES;
				CLANG_ENABLE_OBJC_ARC = YES;
				CLANG_ENABLE_OBJC_WEAK = YES;
				CLANG_WARN_BLOCK_CAPTURE_AUTORELEASING = YES;
				CLANG_WARN_BOOL_CONVERSION = YES;
				CLANG_WARN_COMMA = YES;
				CLANG_WARN_CONSTANT_CONVERSION = YES;
				CLANG_WARN_DEPRECATED_OBJC_IMPLEMENTATIONS = YES;
				CLANG_WARN_DIRECT_OBJC_ISA_USAGE = YES_ERROR;
				CLANG_WARN_DOCUMENTATION_COMMENTS = YES;
				CLANG_WARN_EMPTY_BODY = YES;
				CLANG_WARN_ENUM_CONVERSION = YES;
				CLANG_WARN_INFINITE_RECURSION = YES;
				CLANG_WARN_INT_CONVERSION = YES;
				CLANG_WARN_NON_LITERAL_NULL_CONVERSION = YES;
				CLANG_WARN_OBJC_IMPLICIT_RETAIN_SELF = YES;
				CLANG_WARN_OBJC_LITERAL_CONVERSION = YES;
				CLANG_WARN_OBJC_ROOT_CLASS = YES_ERROR;
				CLANG_WARN_QUOTED_INCLUDE_IN_FRAMEWORK_HEADER = YES;
				CLANG_WARN_RANGE_LOOP_ANALYSIS = YES;
				CLANG_WARN_STRICT_PROTOTYPES = YES;
				CLANG_WARN_SUSPICIOUS_MOVE = YES;
				CLANG_WARN_UNGUARDED_AVAILABILITY = YES_AGGRESSIVE;
				CLANG_WARN_UNREACHABLE_CODE = YES;
				CLANG_WARN__DUPLICATE_METHOD_MATCH = YES;
				COPY_PHASE_STRIP = NO;
				DEBUG_INFORMATION_FORMAT = dwarf;
				ENABLE_STRICT_OBJC_MSGSEND = YES;
				ENABLE_TESTABILITY = YES;
				GCC_C_LANGUAGE_STANDARD = gnu11;
				GCC_DYNAMIC_NO_PIC = NO;
				GCC_NO_COMMON_BLOCKS = YES;
				GCC_OPTIMIZATION_LEVEL = 0;
				GCC_PREPROCESSOR_DEFINITIONS = (
					"DEBUG=1",
					"$(inherited)",
				);
				GCC_WARN_64_TO_32_BIT_CONVERSION = YES;
				GCC_WARN_ABOUT_RETURN_TYPE = YES_ERROR;
				GCC_WARN_UNDECLARED_SELECTOR = YES;
				GCC_WARN_UNINITIALIZED_AUTOS = YES_AGGRESSIVE;
				GCC_WARN_UNUSED_FUNCTION = YES;
				GCC_WARN_UNUSED_VARIABLE = YES;
				IPHONEOS_DEPLOYMENT_TARGET = 16.4;
				MTL_ENABLE_DEBUG_INFO = INCLUDE_SOURCE;
				MTL_FAST_MATH = YES;
				ONLY_ACTIVE_ARCH = YES;
				SDKROOT = iphoneos;
				SWIFT_ACTIVE_COMPILATION_CONDITIONS = DEBUG;
				SWIFT_OPTIMIZATION_LEVEL = "-Onone";
			};
			name = Debug;
		};
		01B22E962A39D9AE0071AB9B /* Release */ = {
			isa = XCBuildConfiguration;
			buildSettings = {
				ALWAYS_SEARCH_USER_PATHS = NO;
				CLANG_ANALYZER_NONNULL = YES;
				CLANG_ANALYZER_NUMBER_OBJECT_CONVERSION = YES_AGGRESSIVE;
				CLANG_CXX_LANGUAGE_STANDARD = "gnu++20";
				CLANG_ENABLE_MODULES = YES;
				CLANG_ENABLE_OBJC_ARC = YES;
				CLANG_ENABLE_OBJC_WEAK = YES;
				CLANG_WARN_BLOCK_CAPTURE_AUTORELEASING = YES;
				CLANG_WARN_BOOL_CONVERSION = YES;
				CLANG_WARN_COMMA = YES;
				CLANG_WARN_CONSTANT_CONVERSION = YES;
				CLANG_WARN_DEPRECATED_OBJC_IMPLEMENTATIONS = YES;
				CLANG_WARN_DIRECT_OBJC_ISA_USAGE = YES_ERROR;
				CLANG_WARN_DOCUMENTATION_COMMENTS = YES;
				CLANG_WARN_EMPTY_BODY = YES;
				CLANG_WARN_ENUM_CONVERSION = YES;
				CLANG_WARN_INFINITE_RECURSION = YES;
				CLANG_WARN_INT_CONVERSION = YES;
				CLANG_WARN_NON_LITERAL_NULL_CONVERSION = YES;
				CLANG_WARN_OBJC_IMPLICIT_RETAIN_SELF = YES;
				CLANG_WARN_OBJC_LITERAL_CONVERSION = YES;
				CLANG_WARN_OBJC_ROOT_CLASS = YES_ERROR;
				CLANG_WARN_QUOTED_INCLUDE_IN_FRAMEWORK_HEADER = YES;
				CLANG_WARN_RANGE_LOOP_ANALYSIS = YES;
				CLANG_WARN_STRICT_PROTOTYPES = YES;
				CLANG_WARN_SUSPICIOUS_MOVE = YES;
				CLANG_WARN_UNGUARDED_AVAILABILITY = YES_AGGRESSIVE;
				CLANG_WARN_UNREACHABLE_CODE = YES;
				CLANG_WARN__DUPLICATE_METHOD_MATCH = YES;
				COPY_PHASE_STRIP = NO;
				DEBUG_INFORMATION_FORMAT = "dwarf-with-dsym";
				ENABLE_NS_ASSERTIONS = NO;
				ENABLE_STRICT_OBJC_MSGSEND = YES;
				GCC_C_LANGUAGE_STANDARD = gnu11;
				GCC_NO_COMMON_BLOCKS = YES;
				GCC_WARN_64_TO_32_BIT_CONVERSION = YES;
				GCC_WARN_ABOUT_RETURN_TYPE = YES_ERROR;
				GCC_WARN_UNDECLARED_SELECTOR = YES;
				GCC_WARN_UNINITIALIZED_AUTOS = YES_AGGRESSIVE;
				GCC_WARN_UNUSED_FUNCTION = YES;
				GCC_WARN_UNUSED_VARIABLE = YES;
				IPHONEOS_DEPLOYMENT_TARGET = 16.4;
				MTL_ENABLE_DEBUG_INFO = NO;
				MTL_FAST_MATH = YES;
				SDKROOT = iphoneos;
				SWIFT_COMPILATION_MODE = wholemodule;
				SWIFT_OPTIMIZATION_LEVEL = "-O";
				VALIDATE_PRODUCT = YES;
			};
			name = Release;
		};
		01B22E982A39D9AE0071AB9B /* Debug */ = {
			isa = XCBuildConfiguration;
			buildSettings = {
				ASSETCATALOG_COMPILER_APPICON_NAME = AppIcon;
				ASSETCATALOG_COMPILER_GLOBAL_ACCENT_COLOR_NAME = AccentColor;
				CODE_SIGN_STYLE = Automatic;
				CURRENT_PROJECT_VERSION = 1;
				GENERATE_INFOPLIST_FILE = YES;
				INFOPLIST_FILE = "my first IOS app BALINK/Info.plist";
				INFOPLIST_KEY_UIApplicationSupportsIndirectInputEvents = YES;
				INFOPLIST_KEY_UILaunchStoryboardName = LaunchScreen;
				INFOPLIST_KEY_UIMainStoryboardFile = Main;
				INFOPLIST_KEY_UISupportedInterfaceOrientations_iPad = "UIInterfaceOrientationPortrait UIInterfaceOrientationPortraitUpsideDown UIInterfaceOrientationLandscapeLeft UIInterfaceOrientationLandscapeRight";
				INFOPLIST_KEY_UISupportedInterfaceOrientations_iPhone = "UIInterfaceOrientationPortrait UIInterfaceOrientationLandscapeLeft UIInterfaceOrientationLandscapeRight";
				LD_RUNPATH_SEARCH_PATHS = (
					"$(inherited)",
					"@executable_path/Frameworks",
				);
				MARKETING_VERSION = 1.0;
				PRODUCT_BUNDLE_IDENTIFIER = "yacov-touati-balink.my-first-IOS-app-BALINK";
				PRODUCT_NAME = "$(TARGET_NAME)";
				SWIFT_EMIT_LOC_STRINGS = YES;
				SWIFT_VERSION = 5.0;
				TARGETED_DEVICE_FAMILY = "1,2";
			};
			name = Debug;
		};
		01B22E992A39D9AE0071AB9B /* Release */ = {
			isa = XCBuildConfiguration;
			buildSettings = {
				ASSETCATALOG_COMPILER_APPICON_NAME = AppIcon;
				ASSETCATALOG_COMPILER_GLOBAL_ACCENT_COLOR_NAME = AccentColor;
				CODE_SIGN_STYLE = Automatic;
				CURRENT_PROJECT_VERSION = 1;
				GENERATE_INFOPLIST_FILE = YES;
				INFOPLIST_FILE = "my first IOS app BALINK/Info.plist";
				INFOPLIST_KEY_UIApplicationSupportsIndirectInputEvents = YES;
				INFOPLIST_KEY_UILaunchStoryboardName = LaunchScreen;
				INFOPLIST_KEY_UIMainStoryboardFile = Main;
				INFOPLIST_KEY_UISupportedInterfaceOrientations_iPad = "UIInterfaceOrientationPortrait UIInterfaceOrientationPortraitUpsideDown UIInterfaceOrientationLandscapeLeft UIInterfaceOrientationLandscapeRight";
				INFOPLIST_KEY_UISupportedInterfaceOrientations_iPhone = "UIInterfaceOrientationPortrait UIInterfaceOrientationLandscapeLeft UIInterfaceOrientationLandscapeRight";
				LD_RUNPATH_SEARCH_PATHS = (
					"$(inherited)",
					"@executable_path/Frameworks",
				);
				MARKETING_VERSION = 1.0;
				PRODUCT_BUNDLE_IDENTIFIER = "yacov-touati-balink.my-first-IOS-app-BALINK";
				PRODUCT_NAME = "$(TARGET_NAME)";
				SWIFT_EMIT_LOC_STRINGS = YES;
				SWIFT_VERSION = 5.0;
				TARGETED_DEVICE_FAMILY = "1,2";
			};
			name = Release;
		};
		01B22E9B2A39D9AE0071AB9B /* Debug */ = {
			isa = XCBuildConfiguration;
			buildSettings = {
				ALWAYS_EMBED_SWIFT_STANDARD_LIBRARIES = YES;
				BUNDLE_LOADER = "$(TEST_HOST)";
				CODE_SIGN_STYLE = Automatic;
				CURRENT_PROJECT_VERSION = 1;
				GENERATE_INFOPLIST_FILE = YES;
				IPHONEOS_DEPLOYMENT_TARGET = 16.4;
				MARKETING_VERSION = 1.0;
				PRODUCT_BUNDLE_IDENTIFIER = "yacov-touati-balink.my-first-IOS-app-BALINKTests";
				PRODUCT_NAME = "$(TARGET_NAME)";
				SWIFT_EMIT_LOC_STRINGS = NO;
				SWIFT_VERSION = 5.0;
				TARGETED_DEVICE_FAMILY = "1,2";
				TEST_HOST = "$(BUILT_PRODUCTS_DIR)/my first IOS app BALINK.app/$(BUNDLE_EXECUTABLE_FOLDER_PATH)/my first IOS app BALINK";
			};
			name = Debug;
		};
		01B22E9C2A39D9AE0071AB9B /* Release */ = {
			isa = XCBuildConfiguration;
			buildSettings = {
				ALWAYS_EMBED_SWIFT_STANDARD_LIBRARIES = YES;
				BUNDLE_LOADER = "$(TEST_HOST)";
				CODE_SIGN_STYLE = Automatic;
				CURRENT_PROJECT_VERSION = 1;
				GENERATE_INFOPLIST_FILE = YES;
				IPHONEOS_DEPLOYMENT_TARGET = 16.4;
				MARKETING_VERSION = 1.0;
				PRODUCT_BUNDLE_IDENTIFIER = "yacov-touati-balink.my-first-IOS-app-BALINKTests";
				PRODUCT_NAME = "$(TARGET_NAME)";
				SWIFT_EMIT_LOC_STRINGS = NO;
				SWIFT_VERSION = 5.0;
				TARGETED_DEVICE_FAMILY = "1,2";
				TEST_HOST = "$(BUILT_PRODUCTS_DIR)/my first IOS app BALINK.app/$(BUNDLE_EXECUTABLE_FOLDER_PATH)/my first IOS app BALINK";
			};
			name = Release;
		};
		01B22E9E2A39D9AE0071AB9B /* Debug */ = {
			isa = XCBuildConfiguration;
			buildSettings = {
				ALWAYS_EMBED_SWIFT_STANDARD_LIBRARIES = YES;
				CODE_SIGN_STYLE = Automatic;
				CURRENT_PROJECT_VERSION = 1;
				GENERATE_INFOPLIST_FILE = YES;
				MARKETING_VERSION = 1.0;
				PRODUCT_BUNDLE_IDENTIFIER = "yacov-touati-balink.my-first-IOS-app-BALINKUITests";
				PRODUCT_NAME = "$(TARGET_NAME)";
				SWIFT_EMIT_LOC_STRINGS = NO;
				SWIFT_VERSION = 5.0;
				TARGETED_DEVICE_FAMILY = "1,2";
				TEST_TARGET_NAME = "my first IOS app BALINK";
			};
			name = Debug;
		};
		01B22E9F2A39D9AE0071AB9B /* Release */ = {
			isa = XCBuildConfiguration;
			buildSettings = {
				ALWAYS_EMBED_SWIFT_STANDARD_LIBRARIES = YES;
				CODE_SIGN_STYLE = Automatic;
				CURRENT_PROJECT_VERSION = 1;
				GENERATE_INFOPLIST_FILE = YES;
				MARKETING_VERSION = 1.0;
				PRODUCT_BUNDLE_IDENTIFIER = "yacov-touati-balink.my-first-IOS-app-BALINKUITests";
				PRODUCT_NAME = "$(TARGET_NAME)";
				SWIFT_EMIT_LOC_STRINGS = NO;
				SWIFT_VERSION = 5.0;
				TARGETED_DEVICE_FAMILY = "1,2";
				TEST_TARGET_NAME = "my first IOS app BALINK";
			};
			name = Release;
		};
/* End XCBuildConfiguration section */

/* Begin XCConfigurationList section */
		01B22E682A39D9AB0071AB9B /* Build configuration list for PBXProject "my first IOS app BALINK" */ = {
			isa = XCConfigurationList;
			buildConfigurations = (
				01B22E952A39D9AE0071AB9B /* Debug */,
				01B22E962A39D9AE0071AB9B /* Release */,
			);
			defaultConfigurationIsVisible = 0;
			defaultConfigurationName = Release;
		};
		01B22E972A39D9AE0071AB9B /* Build configuration list for PBXNativeTarget "my first IOS app BALINK" */ = {
			isa = XCConfigurationList;
			buildConfigurations = (
				01B22E982A39D9AE0071AB9B /* Debug */,
				01B22E992A39D9AE0071AB9B /* Release */,
			);
			defaultConfigurationIsVisible = 0;
			defaultConfigurationName = Release;
		};
		01B22E9A2A39D9AE0071AB9B /* Build configuration list for PBXNativeTarget "my first IOS app BALINKTests" */ = {
			isa = XCConfigurationList;
			buildConfigurations = (
				01B22E9B2A39D9AE0071AB9B /* Debug */,
				01B22E9C2A39D9AE0071AB9B /* Release */,
			);
			defaultConfigurationIsVisible = 0;
			defaultConfigurationName = Release;
		};
		01B22E9D2A39D9AE0071AB9B /* Build configuration list for PBXNativeTarget "my first IOS app BALINKUITests" */ = {
			isa = XCConfigurationList;
			buildConfigurations = (
				01B22E9E2A39D9AE0071AB9B /* Debug */,
				01B22E9F2A39D9AE0071AB9B /* Release */,
			);
			defaultConfigurationIsVisible = 0;
			defaultConfigurationName = Release;
		};
/* End XCConfigurationList section */
	};
	rootObject = 01B22E652A39D9AB0071AB9B /* Project object */;
}
